
Microsoft Visual Studio Solution File, Format Version 12.00
# Visual Studio Version 16
VisualStudioVersion = 16.0.29709.97
MinimumVisualStudioVersion = 15.0.26124.0
Project("{9A19103F-16F7-4668-BE54-9A1E7A4F7556}") = "RetailOnTheEdge.Web", "RetailOnTheEdge.Web\RetailOnTheEdge.Web.csproj", "{948C0DC3-6F52-4FC2-9129-98FCAE0CD44B}"
EndProject
Global
	GlobalSection(SolutionConfigurationPlatforms) = preSolution
		Debug|Any CPU = Debug|Any CPU
		Debug|x64 = Debug|x64
		Debug|x86 = Debug|x86
		Release|Any CPU = Release|Any CPU
		Release|x64 = Release|x64
		Release|x86 = Release|x86
	EndGlobalSection
	GlobalSection(ProjectConfigurationPlatforms) = postSolution
		{948C0DC3-6F52-4FC2-9129-98FCAE0CD44B}.Debug|Any CPU.ActiveCfg = Debug|Any CPU
		{948C0DC3-6F52-4FC2-9129-98FCAE0CD44B}.Debug|Any CPU.Build.0 = Debug|Any CPU
		{948C0DC3-6F52-4FC2-9129-98FCAE0CD44B}.Debug|x64.ActiveCfg = Debug|Any CPU
		{948C0DC3-6F52-4FC2-9129-98FCAE0CD44B}.Debug|x64.Build.0 = Debug|Any CPU
		{948C0DC3-6F52-4FC2-9129-98FCAE0CD44B}.Debug|x86.ActiveCfg = Debug|Any CPU
		{948C0DC3-6F52-4FC2-9129-98FCAE0CD44B}.Debug|x86.Build.0 = Debug|Any CPU
		{948C0DC3-6F52-4FC2-9129-98FCAE0CD44B}.Release|Any CPU.ActiveCfg = Release|Any CPU
		{948C0DC3-6F52-4FC2-9129-98FCAE0CD44B}.Release|Any CPU.Build.0 = Release|Any CPU
		{948C0DC3-6F52-4FC2-9129-98FCAE0CD44B}.Release|x64.ActiveCfg = Release|Any CPU
		{948C0DC3-6F52-4FC2-9129-98FCAE0CD44B}.Release|x64.Build.0 = Release|Any CPU
		{948C0DC3-6F52-4FC2-9129-98FCAE0CD44B}.Release|x86.ActiveCfg = Release|Any CPU
		{948C0DC3-6F52-4FC2-9129-98FCAE0CD44B}.Release|x86.Build.0 = Release|Any CPU
	EndGlobalSection
	GlobalSection(SolutionProperties) = preSolution
		HideSolutionNode = FALSE
	EndGlobalSection
	GlobalSection(ExtensibilityGlobals) = postSolution
		SolutionGuid = {0765B217-A8ED-43F5-B6C8-9EC923C0159F}
	EndGlobalSection
EndGlobal
