
Microsoft Visual Studio Solution File, Format Version 12.00
# Visual Studio Version 16
VisualStudioVersion = 16.0.29709.97
MinimumVisualStudioVersion = 10.0.40219.1
Project("{9A19103F-16F7-4668-BE54-9A1E7A4F7556}") = "DigitalTwinsFunctions", "DigitalTwinsFunctions.csproj", "{5FB0E31A-2050-48EF-A23C-86140CCBE1EC}"
EndProject
Global
	GlobalSection(SolutionConfigurationPlatforms) = preSolution
		Debug|Any CPU = Debug|Any CPU
		Release|Any CPU = Release|Any CPU
	EndGlobalSection
	GlobalSection(ProjectConfigurationPlatforms) = postSolution
		{5FB0E31A-2050-48EF-A23C-86140CCBE1EC}.Debug|Any CPU.ActiveCfg = Debug|Any CPU
		{5FB0E31A-2050-48EF-A23C-86140CCBE1EC}.Debug|Any CPU.Build.0 = Debug|Any CPU
		{5FB0E31A-2050-48EF-A23C-86140CCBE1EC}.Release|Any CPU.ActiveCfg = Release|Any CPU
		{5FB0E31A-2050-48EF-A23C-86140CCBE1EC}.Release|Any CPU.Build.0 = Release|Any CPU
	EndGlobalSection
	GlobalSection(SolutionProperties) = preSolution
		HideSolutionNode = FALSE
	EndGlobalSection
	GlobalSection(ExtensibilityGlobals) = postSolution
		SolutionGuid = {07D8413A-5505-42C1-954C-85576817F087}
	EndGlobalSection
EndGlobal
